
Microsoft Visual Studio Solution File, Format Version 12.00
# Visual Studio Version 17
VisualStudioVersion = 17.4.33403.182
MinimumVisualStudioVersion = 10.0.40219.1
Project("{FAE04EC0-301F-11D3-BF4B-00C04F79EFBC}") = "Eerste Les", "Eerste Les\Eerste Les.csproj", "{ECE23E60-F11A-4817-8547-9D37341B048D}"
EndProject
Global
	GlobalSection(SolutionConfigurationPlatforms) = preSolution
		Debug|Any CPU = Debug|Any CPU
		Release|Any CPU = Release|Any CPU
	EndGlobalSection
	GlobalSection(ProjectConfigurationPlatforms) = postSolution
		{ECE23E60-F11A-4817-8547-9D37341B048D}.Debug|Any CPU.ActiveCfg = Debug|Any CPU
		{ECE23E60-F11A-4817-8547-9D37341B048D}.Debug|Any CPU.Build.0 = Debug|Any CPU
		{ECE23E60-F11A-4817-8547-9D37341B048D}.Release|Any CPU.ActiveCfg = Release|Any CPU
		{ECE23E60-F11A-4817-8547-9D37341B048D}.Release|Any CPU.Build.0 = Release|Any CPU
	EndGlobalSection
	GlobalSection(SolutionProperties) = preSolution
		HideSolutionNode = FALSE
	EndGlobalSection
	GlobalSection(ExtensibilityGlobals) = postSolution
		SolutionGuid = {27687565-7D80-427F-AC8D-A864DE15BB87}
	EndGlobalSection
EndGlobal
